
Microsoft Visual Studio Solution File, Format Version 12.00
# Visual Studio Version 16
VisualStudioVersion = 16.0.29920.165
MinimumVisualStudioVersion = 10.0.40219.1
Project("{FAE04EC0-301F-11D3-BF4B-00C04F79EFBC}") = "ColorSquares", "ColorSquares.csproj", "{025B283F-F6A4-46ED-BF7A-1939E3342BB7}"
EndProject
Global
	GlobalSection(SolutionConfigurationPlatforms) = preSolution
		Debug|Any CPU = Debug|Any CPU
		Release|Any CPU = Release|Any CPU
	EndGlobalSection
	GlobalSection(ProjectConfigurationPlatforms) = postSolution
		{025B283F-F6A4-46ED-BF7A-1939E3342BB7}.Debug|Any CPU.ActiveCfg = Debug|Any CPU
		{025B283F-F6A4-46ED-BF7A-1939E3342BB7}.Debug|Any CPU.Build.0 = Debug|Any CPU
		{025B283F-F6A4-46ED-BF7A-1939E3342BB7}.Release|Any CPU.ActiveCfg = Release|Any CPU
		{025B283F-F6A4-46ED-BF7A-1939E3342BB7}.Release|Any CPU.Build.0 = Release|Any CPU
	EndGlobalSection
	GlobalSection(SolutionProperties) = preSolution
		HideSolutionNode = FALSE
	EndGlobalSection
	GlobalSection(ExtensibilityGlobals) = postSolution
		SolutionGuid = {964BC8B9-146D-4222-B4E4-F9509D0F7EFA}
	EndGlobalSection
EndGlobal
